
Microsoft Visual Studio Solution File, Format Version 12.00
# Visual Studio Version 17
VisualStudioVersion = 17.0.31903.59
MinimumVisualStudioVersion = 10.0.40219.1
Project("{FAE04EC0-301F-11D3-BF4B-00C04F79EFBC}") = "API", "API\API.csproj", "{00A65C0C-7B7F-494B-B5AB-13FE7A9BAC8D}"
EndProject
Project("{FAE04EC0-301F-11D3-BF4B-00C04F79EFBC}") = "Application", "Application\Application.csproj", "{4BB61887-9622-4BBA-A1E4-0B3CE27214B9}"
EndProject
Project("{FAE04EC0-301F-11D3-BF4B-00C04F79EFBC}") = "Domain", "Domain\Domain.csproj", "{CC1D0FD0-06D2-4A6A-B9E6-57C97BF6BF59}"
EndProject
Project("{FAE04EC0-301F-11D3-BF4B-00C04F79EFBC}") = "Persistence", "Persistence\Persistence.csproj", "{1B41978F-F858-412F-89AC-64D23B9D7F48}"
EndProject
Global
	GlobalSection(SolutionConfigurationPlatforms) = preSolution
		Debug|Any CPU = Debug|Any CPU
		Debug|x64 = Debug|x64
		Debug|x86 = Debug|x86
		Release|Any CPU = Release|Any CPU
		Release|x64 = Release|x64
		Release|x86 = Release|x86
	EndGlobalSection
	GlobalSection(ProjectConfigurationPlatforms) = postSolution
		{00A65C0C-7B7F-494B-B5AB-13FE7A9BAC8D}.Debug|Any CPU.ActiveCfg = Debug|Any CPU
		{00A65C0C-7B7F-494B-B5AB-13FE7A9BAC8D}.Debug|Any CPU.Build.0 = Debug|Any CPU
		{00A65C0C-7B7F-494B-B5AB-13FE7A9BAC8D}.Debug|x64.ActiveCfg = Debug|Any CPU
		{00A65C0C-7B7F-494B-B5AB-13FE7A9BAC8D}.Debug|x64.Build.0 = Debug|Any CPU
		{00A65C0C-7B7F-494B-B5AB-13FE7A9BAC8D}.Debug|x86.ActiveCfg = Debug|Any CPU
		{00A65C0C-7B7F-494B-B5AB-13FE7A9BAC8D}.Debug|x86.Build.0 = Debug|Any CPU
		{00A65C0C-7B7F-494B-B5AB-13FE7A9BAC8D}.Release|Any CPU.ActiveCfg = Release|Any CPU
		{00A65C0C-7B7F-494B-B5AB-13FE7A9BAC8D}.Release|Any CPU.Build.0 = Release|Any CPU
		{00A65C0C-7B7F-494B-B5AB-13FE7A9BAC8D}.Release|x64.ActiveCfg = Release|Any CPU
		{00A65C0C-7B7F-494B-B5AB-13FE7A9BAC8D}.Release|x64.Build.0 = Release|Any CPU
		{00A65C0C-7B7F-494B-B5AB-13FE7A9BAC8D}.Release|x86.ActiveCfg = Release|Any CPU
		{00A65C0C-7B7F-494B-B5AB-13FE7A9BAC8D}.Release|x86.Build.0 = Release|Any CPU
		{4BB61887-9622-4BBA-A1E4-0B3CE27214B9}.Debug|Any CPU.ActiveCfg = Debug|Any CPU
		{4BB61887-9622-4BBA-A1E4-0B3CE27214B9}.Debug|Any CPU.Build.0 = Debug|Any CPU
		{4BB61887-9622-4BBA-A1E4-0B3CE27214B9}.Debug|x64.ActiveCfg = Debug|Any CPU
		{4BB61887-9622-4BBA-A1E4-0B3CE27214B9}.Debug|x64.Build.0 = Debug|Any CPU
		{4BB61887-9622-4BBA-A1E4-0B3CE27214B9}.Debug|x86.ActiveCfg = Debug|Any CPU
		{4BB61887-9622-4BBA-A1E4-0B3CE27214B9}.Debug|x86.Build.0 = Debug|Any CPU
		{4BB61887-9622-4BBA-A1E4-0B3CE27214B9}.Release|Any CPU.ActiveCfg = Release|Any CPU
		{4BB61887-9622-4BBA-A1E4-0B3CE27214B9}.Release|Any CPU.Build.0 = Release|Any CPU
		{4BB61887-9622-4BBA-A1E4-0B3CE27214B9}.Release|x64.ActiveCfg = Release|Any CPU
		{4BB61887-9622-4BBA-A1E4-0B3CE27214B9}.Release|x64.Build.0 = Release|Any CPU
		{4BB61887-9622-4BBA-A1E4-0B3CE27214B9}.Release|x86.ActiveCfg = Release|Any CPU
		{4BB61887-9622-4BBA-A1E4-0B3CE27214B9}.Release|x86.Build.0 = Release|Any CPU
		{CC1D0FD0-06D2-4A6A-B9E6-57C97BF6BF59}.Debug|Any CPU.ActiveCfg = Debug|Any CPU
		{CC1D0FD0-06D2-4A6A-B9E6-57C97BF6BF59}.Debug|Any CPU.Build.0 = Debug|Any CPU
		{CC1D0FD0-06D2-4A6A-B9E6-57C97BF6BF59}.Debug|x64.ActiveCfg = Debug|Any CPU
		{CC1D0FD0-06D2-4A6A-B9E6-57C97BF6BF59}.Debug|x64.Build.0 = Debug|Any CPU
		{CC1D0FD0-06D2-4A6A-B9E6-57C97BF6BF59}.Debug|x86.ActiveCfg = Debug|Any CPU
		{CC1D0FD0-06D2-4A6A-B9E6-57C97BF6BF59}.Debug|x86.Build.0 = Debug|Any CPU
		{CC1D0FD0-06D2-4A6A-B9E6-57C97BF6BF59}.Release|Any CPU.ActiveCfg = Release|Any CPU
		{CC1D0FD0-06D2-4A6A-B9E6-57C97BF6BF59}.Release|Any CPU.Build.0 = Release|Any CPU
		{CC1D0FD0-06D2-4A6A-B9E6-57C97BF6BF59}.Release|x64.ActiveCfg = Release|Any CPU
		{CC1D0FD0-06D2-4A6A-B9E6-57C97BF6BF59}.Release|x64.Build.0 = Release|Any CPU
		{CC1D0FD0-06D2-4A6A-B9E6-57C97BF6BF59}.Release|x86.ActiveCfg = Release|Any CPU
		{CC1D0FD0-06D2-4A6A-B9E6-57C97BF6BF59}.Release|x86.Build.0 = Release|Any CPU
		{1B41978F-F858-412F-89AC-64D23B9D7F48}.Debug|Any CPU.ActiveCfg = Debug|Any CPU
		{1B41978F-F858-412F-89AC-64D23B9D7F48}.Debug|Any CPU.Build.0 = Debug|Any CPU
		{1B41978F-F858-412F-89AC-64D23B9D7F48}.Debug|x64.ActiveCfg = Debug|Any CPU
		{1B41978F-F858-412F-89AC-64D23B9D7F48}.Debug|x64.Build.0 = Debug|Any CPU
		{1B41978F-F858-412F-89AC-64D23B9D7F48}.Debug|x86.ActiveCfg = Debug|Any CPU
		{1B41978F-F858-412F-89AC-64D23B9D7F48}.Debug|x86.Build.0 = Debug|Any CPU
		{1B41978F-F858-412F-89AC-64D23B9D7F48}.Release|Any CPU.ActiveCfg = Release|Any CPU
		{1B41978F-F858-412F-89AC-64D23B9D7F48}.Release|Any CPU.Build.0 = Release|Any CPU
		{1B41978F-F858-412F-89AC-64D23B9D7F48}.Release|x64.ActiveCfg = Release|Any CPU
		{1B41978F-F858-412F-89AC-64D23B9D7F48}.Release|x64.Build.0 = Release|Any CPU
		{1B41978F-F858-412F-89AC-64D23B9D7F48}.Release|x86.ActiveCfg = Release|Any CPU
		{1B41978F-F858-412F-89AC-64D23B9D7F48}.Release|x86.Build.0 = Release|Any CPU
	EndGlobalSection
	GlobalSection(SolutionProperties) = preSolution
		HideSolutionNode = FALSE
	EndGlobalSection
EndGlobal
